{
  "name": "design-canon",
  "version": "0.1.0-alpha.0",
  "lockfileVersion": 3,
  "requires": true,
  "packages": {
    "": {
      "name": "design-canon",
      "version": "0.1.0-alpha.0",
      "license": "MIT",
      "bin": {
        "design-canon": "bin/design-canon.js"
      },
      "engines": {
        "node": ">=20"
      }
    }
  }
}
